// !$*UTF8*$!
{
	archiveVersion = 1;
	classes = {
	};
	objectVersion = 56;
	objects = {

/* Begin PBXBuildFile section */
		8630043429C391380075015E /* DetailStackView.swift in Sources */ = {isa = PBXBuildFile; fileRef = 8630043329C391380075015E /* DetailStackView.swift */; };
		863C576929A8F9D1002C7A4B /* SearchPresenter.swift in Sources */ = {isa = PBXBuildFile; fileRef = 863C576529A8F9D1002C7A4B /* SearchPresenter.swift */; };
		863C576A29A8F9D1002C7A4B /* SearchRouter.swift in Sources */ = {isa = PBXBuildFile; fileRef = 863C576629A8F9D1002C7A4B /* SearchRouter.swift */; };
		863C576B29A8F9D1002C7A4B /* SearchViewController.swift in Sources */ = {isa = PBXBuildFile; fileRef = 863C576729A8F9D1002C7A4B /* SearchViewController.swift */; };
		863C576C29A8F9D1002C7A4B /* SearchViewModel.swift in Sources */ = {isa = PBXBuildFile; fileRef = 863C576829A8F9D1002C7A4B /* SearchViewModel.swift */; };
		863C577029A8FA19002C7A4B /* SearchViewCollectionCell.swift in Sources */ = {isa = PBXBuildFile; fileRef = 863C576F29A8FA19002C7A4B /* SearchViewCollectionCell.swift */; };
		863EC31E29A7CFB7004BE1D4 /* SnapKit in Frameworks */ = {isa = PBXBuildFile; productRef = 863EC31D29A7CFB7004BE1D4 /* SnapKit */; };
		863EC32029A7D132004BE1D4 /* ReadViewCollectionCell.swift in Sources */ = {isa = PBXBuildFile; fileRef = 863EC31F29A7D132004BE1D4 /* ReadViewCollectionCell.swift */; };
		863EC32229A7D176004BE1D4 /* UILabel+.swift in Sources */ = {isa = PBXBuildFile; fileRef = 863EC32129A7D176004BE1D4 /* UILabel+.swift */; };
		863EC32529A7D1E7004BE1D4 /* UIColor+.swift in Sources */ = {isa = PBXBuildFile; fileRef = 863EC32429A7D1E7004BE1D4 /* UIColor+.swift */; };
		863EC32829A7E32C004BE1D4 /* Kingfisher in Frameworks */ = {isa = PBXBuildFile; productRef = 863EC32729A7E32C004BE1D4 /* Kingfisher */; };
		8642DF3D29CE1A6000618450 /* ProfileView.swift in Sources */ = {isa = PBXBuildFile; fileRef = 8642DF3C29CE1A6000618450 /* ProfileView.swift */; };
		86496C7329CB753B00DA58F4 /* DetailAuthorView.swift in Sources */ = {isa = PBXBuildFile; fileRef = 86496C7229CB753B00DA58F4 /* DetailAuthorView.swift */; };
		8649F79B29CF4799003D8BD6 /* UITableView+.swift in Sources */ = {isa = PBXBuildFile; fileRef = 8649F79A29CF4799003D8BD6 /* UITableView+.swift */; };
		86589BEC29ACFB54007D819C /* FoodPresenter.swift in Sources */ = {isa = PBXBuildFile; fileRef = 86589BE829ACFB54007D819C /* FoodPresenter.swift */; };
		86589BED29ACFB54007D819C /* FoodRouter.swift in Sources */ = {isa = PBXBuildFile; fileRef = 86589BE929ACFB54007D819C /* FoodRouter.swift */; };
		86589BEE29ACFB54007D819C /* FoodViewController.swift in Sources */ = {isa = PBXBuildFile; fileRef = 86589BEA29ACFB54007D819C /* FoodViewController.swift */; };
		86589BEF29ACFB54007D819C /* FoodViewModel.swift in Sources */ = {isa = PBXBuildFile; fileRef = 86589BEB29ACFB54007D819C /* FoodViewModel.swift */; };
		8679F78329CCAFCB00C262BB /* DetailBuyButtonsView.swift in Sources */ = {isa = PBXBuildFile; fileRef = 8679F78229CCAFCB00C262BB /* DetailBuyButtonsView.swift */; };
		868DBAF929C20F4C00887403 /* ReceptCell.swift in Sources */ = {isa = PBXBuildFile; fileRef = 868DBAF829C20F4C00887403 /* ReceptCell.swift */; };
		868DBAFF29C2286400887403 /* DetailPresenter.swift in Sources */ = {isa = PBXBuildFile; fileRef = 868DBAFB29C2286400887403 /* DetailPresenter.swift */; };
		868DBB0029C2286400887403 /* DetailRouter.swift in Sources */ = {isa = PBXBuildFile; fileRef = 868DBAFC29C2286400887403 /* DetailRouter.swift */; };
		868DBB0129C2286400887403 /* DetailViewController.swift in Sources */ = {isa = PBXBuildFile; fileRef = 868DBAFD29C2286400887403 /* DetailViewController.swift */; };
		868DBB0229C2286400887403 /* DetailViewModel.swift in Sources */ = {isa = PBXBuildFile; fileRef = 868DBAFE29C2286400887403 /* DetailViewModel.swift */; };
		86C731C029CDF014001DBB1F /* FavouritePresenter.swift in Sources */ = {isa = PBXBuildFile; fileRef = 86C731BC29CDF014001DBB1F /* FavouritePresenter.swift */; };
		86C731C129CDF014001DBB1F /* FavouriteRouter.swift in Sources */ = {isa = PBXBuildFile; fileRef = 86C731BD29CDF014001DBB1F /* FavouriteRouter.swift */; };
		86C731C229CDF014001DBB1F /* FavouriteViewController.swift in Sources */ = {isa = PBXBuildFile; fileRef = 86C731BE29CDF014001DBB1F /* FavouriteViewController.swift */; };
		86C731C329CDF014001DBB1F /* FavouriteViewModel.swift in Sources */ = {isa = PBXBuildFile; fileRef = 86C731BF29CDF014001DBB1F /* FavouriteViewModel.swift */; };
		86C731C929CDF326001DBB1F /* ProfilePresenter.swift in Sources */ = {isa = PBXBuildFile; fileRef = 86C731C529CDF326001DBB1F /* ProfilePresenter.swift */; };
		86C731CA29CDF326001DBB1F /* ProfileRouter.swift in Sources */ = {isa = PBXBuildFile; fileRef = 86C731C629CDF326001DBB1F /* ProfileRouter.swift */; };
		86C731CB29CDF326001DBB1F /* ProfileViewController.swift in Sources */ = {isa = PBXBuildFile; fileRef = 86C731C729CDF326001DBB1F /* ProfileViewController.swift */; };
		86C731CC29CDF326001DBB1F /* ProfileViewModel.swift in Sources */ = {isa = PBXBuildFile; fileRef = 86C731C829CDF326001DBB1F /* ProfileViewModel.swift */; };
		86C731D229CDF3A2001DBB1F /* MainPresenter.swift in Sources */ = {isa = PBXBuildFile; fileRef = 86C731CE29CDF3A2001DBB1F /* MainPresenter.swift */; };
		86C731D329CDF3A2001DBB1F /* MainRouter.swift in Sources */ = {isa = PBXBuildFile; fileRef = 86C731CF29CDF3A2001DBB1F /* MainRouter.swift */; };
		86C731D429CDF3A2001DBB1F /* MainViewController.swift in Sources */ = {isa = PBXBuildFile; fileRef = 86C731D029CDF3A2001DBB1F /* MainViewController.swift */; };
		86C731D529CDF3A2001DBB1F /* MainViewModel.swift in Sources */ = {isa = PBXBuildFile; fileRef = 86C731D129CDF3A2001DBB1F /* MainViewModel.swift */; };
		86E225C729CB486600265AE6 /* UIFont+.swift in Sources */ = {isa = PBXBuildFile; fileRef = 86E225C629CB486600265AE6 /* UIFont+.swift */; };
		86E225CA29CB48BD00265AE6 /* XCFonts+Generated.swift in Sources */ = {isa = PBXBuildFile; fileRef = 86E225C929CB48BD00265AE6 /* XCFonts+Generated.swift */; };
		86E225CD29CB48F500265AE6 /* Montserrat-Bold.ttf in Resources */ = {isa = PBXBuildFile; fileRef = 86E225CC29CB48F500265AE6 /* Montserrat-Bold.ttf */; };
		86E225D229CB490100265AE6 /* Montserrat-Medium.ttf in Resources */ = {isa = PBXBuildFile; fileRef = 86E225CE29CB490000265AE6 /* Montserrat-Medium.ttf */; };
		86E225D329CB490100265AE6 /* Montserrat-Regular.ttf in Resources */ = {isa = PBXBuildFile; fileRef = 86E225CF29CB490000265AE6 /* Montserrat-Regular.ttf */; };
		86E225D429CB490100265AE6 /* Montserrat-SemiBold.ttf in Resources */ = {isa = PBXBuildFile; fileRef = 86E225D029CB490000265AE6 /* Montserrat-SemiBold.ttf */; };
		86E225D529CB490100265AE6 /* Montserrat-ExtraBold.ttf in Resources */ = {isa = PBXBuildFile; fileRef = 86E225D129CB490000265AE6 /* Montserrat-ExtraBold.ttf */; };
		86EA7BB129A7C4AD00522FC9 /* AppDelegate.swift in Sources */ = {isa = PBXBuildFile; fileRef = 86EA7BB029A7C4AD00522FC9 /* AppDelegate.swift */; };
		86EA7BB329A7C4AD00522FC9 /* SceneDelegate.swift in Sources */ = {isa = PBXBuildFile; fileRef = 86EA7BB229A7C4AD00522FC9 /* SceneDelegate.swift */; };
		86EA7BBB29A7C4AD00522FC9 /* FoodProject.xcdatamodeld in Sources */ = {isa = PBXBuildFile; fileRef = 86EA7BB929A7C4AD00522FC9 /* FoodProject.xcdatamodeld */; };
		86EA7BBD29A7C4AE00522FC9 /* Assets.xcassets in Resources */ = {isa = PBXBuildFile; fileRef = 86EA7BBC29A7C4AE00522FC9 /* Assets.xcassets */; };
		86EA7BC029A7C4AE00522FC9 /* LaunchScreen.storyboard in Resources */ = {isa = PBXBuildFile; fileRef = 86EA7BBE29A7C4AE00522FC9 /* LaunchScreen.storyboard */; };
		86EA7BCB29A7C4AE00522FC9 /* FoodProjectTests.swift in Sources */ = {isa = PBXBuildFile; fileRef = 86EA7BCA29A7C4AE00522FC9 /* FoodProjectTests.swift */; };
		86EA7BD529A7C4AE00522FC9 /* FoodProjectUITests.swift in Sources */ = {isa = PBXBuildFile; fileRef = 86EA7BD429A7C4AE00522FC9 /* FoodProjectUITests.swift */; };
		86EA7BD729A7C4AE00522FC9 /* FoodProjectUITestsLaunchTests.swift in Sources */ = {isa = PBXBuildFile; fileRef = 86EA7BD629A7C4AE00522FC9 /* FoodProjectUITestsLaunchTests.swift */; };
		86EA7BEA29A7C53800522FC9 /* NetworkManager.swift in Sources */ = {isa = PBXBuildFile; fileRef = 86EA7BE629A7C53800522FC9 /* NetworkManager.swift */; };
		86EA7BEB29A7C53800522FC9 /* ModuleBuilder.swift in Sources */ = {isa = PBXBuildFile; fileRef = 86EA7BE729A7C53800522FC9 /* ModuleBuilder.swift */; };
		86EA7BEC29A7C53800522FC9 /* TabBarController.swift in Sources */ = {isa = PBXBuildFile; fileRef = 86EA7BE829A7C53800522FC9 /* TabBarController.swift */; };
		86EA7BED29A7C53800522FC9 /* NetworkModel.swift in Sources */ = {isa = PBXBuildFile; fileRef = 86EA7BE929A7C53800522FC9 /* NetworkModel.swift */; };
		86EA7C0429A7C85600522FC9 /* ReadPresenter.swift in Sources */ = {isa = PBXBuildFile; fileRef = 86EA7C0029A7C85600522FC9 /* ReadPresenter.swift */; };
		86EA7C0529A7C85600522FC9 /* ReadRouter.swift in Sources */ = {isa = PBXBuildFile; fileRef = 86EA7C0129A7C85600522FC9 /* ReadRouter.swift */; };
		86EA7C0629A7C85600522FC9 /* ReadViewController.swift in Sources */ = {isa = PBXBuildFile; fileRef = 86EA7C0229A7C85600522FC9 /* ReadViewController.swift */; };
		86EA7C0729A7C85600522FC9 /* ReadViewModel.swift in Sources */ = {isa = PBXBuildFile; fileRef = 86EA7C0329A7C85600522FC9 /* ReadViewModel.swift */; };
/* End PBXBuildFile section */

/* Begin PBXContainerItemProxy section */
		86EA7BC729A7C4AE00522FC9 /* PBXContainerItemProxy */ = {
			isa = PBXContainerItemProxy;
			containerPortal = 86EA7BA529A7C4AD00522FC9 /* Project object */;
			proxyType = 1;
			remoteGlobalIDString = 86EA7BAC29A7C4AD00522FC9;
			remoteInfo = FoodProject;
		};
		86EA7BD129A7C4AE00522FC9 /* PBXContainerItemProxy */ = {
			isa = PBXContainerItemProxy;
			containerPortal = 86EA7BA529A7C4AD00522FC9 /* Project object */;
			proxyType = 1;
			remoteGlobalIDString = 86EA7BAC29A7C4AD00522FC9;
			remoteInfo = FoodProject;
		};
/* End PBXContainerItemProxy section */

/* Begin PBXFileReference section */
		8630043329C391380075015E /* DetailStackView.swift */ = {isa = PBXFileReference; lastKnownFileType = sourcecode.swift; path = DetailStackView.swift; sourceTree = "<group>"; };
		863C576529A8F9D1002C7A4B /* SearchPresenter.swift */ = {isa = PBXFileReference; lastKnownFileType = sourcecode.swift; path = SearchPresenter.swift; sourceTree = "<group>"; };
		863C576629A8F9D1002C7A4B /* SearchRouter.swift */ = {isa = PBXFileReference; lastKnownFileType = sourcecode.swift; path = SearchRouter.swift; sourceTree = "<group>"; };
		863C576729A8F9D1002C7A4B /* SearchViewController.swift */ = {isa = PBXFileReference; lastKnownFileType = sourcecode.swift; path = SearchViewController.swift; sourceTree = "<group>"; };
		863C576829A8F9D1002C7A4B /* SearchViewModel.swift */ = {isa = PBXFileReference; lastKnownFileType = sourcecode.swift; path = SearchViewModel.swift; sourceTree = "<group>"; };
		863C576F29A8FA19002C7A4B /* SearchViewCollectionCell.swift */ = {isa = PBXFileReference; lastKnownFileType = sourcecode.swift; path = SearchViewCollectionCell.swift; sourceTree = "<group>"; };
		863EC31F29A7D132004BE1D4 /* ReadViewCollectionCell.swift */ = {isa = PBXFileReference; lastKnownFileType = sourcecode.swift; path = ReadViewCollectionCell.swift; sourceTree = "<group>"; };
		863EC32129A7D176004BE1D4 /* UILabel+.swift */ = {isa = PBXFileReference; lastKnownFileType = sourcecode.swift; path = "UILabel+.swift"; sourceTree = "<group>"; };
		863EC32429A7D1E7004BE1D4 /* UIColor+.swift */ = {isa = PBXFileReference; lastKnownFileType = sourcecode.swift; path = "UIColor+.swift"; sourceTree = "<group>"; };
		8642DF3C29CE1A6000618450 /* ProfileView.swift */ = {isa = PBXFileReference; lastKnownFileType = sourcecode.swift; path = ProfileView.swift; sourceTree = "<group>"; };
		86496C7229CB753B00DA58F4 /* DetailAuthorView.swift */ = {isa = PBXFileReference; lastKnownFileType = sourcecode.swift; path = DetailAuthorView.swift; sourceTree = "<group>"; };
		8649F79A29CF4799003D8BD6 /* UITableView+.swift */ = {isa = PBXFileReference; lastKnownFileType = sourcecode.swift; path = "UITableView+.swift"; sourceTree = "<group>"; };
		86589BE829ACFB54007D819C /* FoodPresenter.swift */ = {isa = PBXFileReference; lastKnownFileType = sourcecode.swift; path = FoodPresenter.swift; sourceTree = "<group>"; };
		86589BE929ACFB54007D819C /* FoodRouter.swift */ = {isa = PBXFileReference; lastKnownFileType = sourcecode.swift; path = FoodRouter.swift; sourceTree = "<group>"; };
		86589BEA29ACFB54007D819C /* FoodViewController.swift */ = {isa = PBXFileReference; lastKnownFileType = sourcecode.swift; path = FoodViewController.swift; sourceTree = "<group>"; };
		86589BEB29ACFB54007D819C /* FoodViewModel.swift */ = {isa = PBXFileReference; lastKnownFileType = sourcecode.swift; path = FoodViewModel.swift; sourceTree = "<group>"; };
		8679F78229CCAFCB00C262BB /* DetailBuyButtonsView.swift */ = {isa = PBXFileReference; lastKnownFileType = sourcecode.swift; path = DetailBuyButtonsView.swift; sourceTree = "<group>"; };
		868DBAF829C20F4C00887403 /* ReceptCell.swift */ = {isa = PBXFileReference; lastKnownFileType = sourcecode.swift; path = ReceptCell.swift; sourceTree = "<group>"; };
		868DBAFB29C2286400887403 /* DetailPresenter.swift */ = {isa = PBXFileReference; lastKnownFileType = sourcecode.swift; path = DetailPresenter.swift; sourceTree = "<group>"; };
		868DBAFC29C2286400887403 /* DetailRouter.swift */ = {isa = PBXFileReference; lastKnownFileType = sourcecode.swift; path = DetailRouter.swift; sourceTree = "<group>"; };
		868DBAFD29C2286400887403 /* DetailViewController.swift */ = {isa = PBXFileReference; lastKnownFileType = sourcecode.swift; path = DetailViewController.swift; sourceTree = "<group>"; };
		868DBAFE29C2286400887403 /* DetailViewModel.swift */ = {isa = PBXFileReference; lastKnownFileType = sourcecode.swift; path = DetailViewModel.swift; sourceTree = "<group>"; };
		86C731BC29CDF014001DBB1F /* FavouritePresenter.swift */ = {isa = PBXFileReference; lastKnownFileType = sourcecode.swift; path = FavouritePresenter.swift; sourceTree = "<group>"; };
		86C731BD29CDF014001DBB1F /* FavouriteRouter.swift */ = {isa = PBXFileReference; lastKnownFileType = sourcecode.swift; path = FavouriteRouter.swift; sourceTree = "<group>"; };
		86C731BE29CDF014001DBB1F /* FavouriteViewController.swift */ = {isa = PBXFileReference; lastKnownFileType = sourcecode.swift; path = FavouriteViewController.swift; sourceTree = "<group>"; };
		86C731BF29CDF014001DBB1F /* FavouriteViewModel.swift */ = {isa = PBXFileReference; lastKnownFileType = sourcecode.swift; path = FavouriteViewModel.swift; sourceTree = "<group>"; };
		86C731C529CDF326001DBB1F /* ProfilePresenter.swift */ = {isa = PBXFileReference; lastKnownFileType = sourcecode.swift; path = ProfilePresenter.swift; sourceTree = "<group>"; };
		86C731C629CDF326001DBB1F /* ProfileRouter.swift */ = {isa = PBXFileReference; lastKnownFileType = sourcecode.swift; path = ProfileRouter.swift; sourceTree = "<group>"; };
		86C731C729CDF326001DBB1F /* ProfileViewController.swift */ = {isa = PBXFileReference; lastKnownFileType = sourcecode.swift; path = ProfileViewController.swift; sourceTree = "<group>"; };
		86C731C829CDF326001DBB1F /* ProfileViewModel.swift */ = {isa = PBXFileReference; lastKnownFileType = sourcecode.swift; path = ProfileViewModel.swift; sourceTree = "<group>"; };
		86C731CE29CDF3A2001DBB1F /* MainPresenter.swift */ = {isa = PBXFileReference; lastKnownFileType = sourcecode.swift; path = MainPresenter.swift; sourceTree = "<group>"; };
		86C731CF29CDF3A2001DBB1F /* MainRouter.swift */ = {isa = PBXFileReference; lastKnownFileType = sourcecode.swift; path = MainRouter.swift; sourceTree = "<group>"; };
		86C731D029CDF3A2001DBB1F /* MainViewController.swift */ = {isa = PBXFileReference; lastKnownFileType = sourcecode.swift; path = MainViewController.swift; sourceTree = "<group>"; };
		86C731D129CDF3A2001DBB1F /* MainViewModel.swift */ = {isa = PBXFileReference; lastKnownFileType = sourcecode.swift; path = MainViewModel.swift; sourceTree = "<group>"; };
		86E225C629CB486600265AE6 /* UIFont+.swift */ = {isa = PBXFileReference; lastKnownFileType = sourcecode.swift; path = "UIFont+.swift"; sourceTree = "<group>"; };
		86E225C929CB48BD00265AE6 /* XCFonts+Generated.swift */ = {isa = PBXFileReference; lastKnownFileType = sourcecode.swift; path = "XCFonts+Generated.swift"; sourceTree = "<group>"; };
		86E225CC29CB48F500265AE6 /* Montserrat-Bold.ttf */ = {isa = PBXFileReference; lastKnownFileType = file; path = "Montserrat-Bold.ttf"; sourceTree = "<group>"; };
		86E225CE29CB490000265AE6 /* Montserrat-Medium.ttf */ = {isa = PBXFileReference; lastKnownFileType = file; path = "Montserrat-Medium.ttf"; sourceTree = "<group>"; };
		86E225CF29CB490000265AE6 /* Montserrat-Regular.ttf */ = {isa = PBXFileReference; lastKnownFileType = file; path = "Montserrat-Regular.ttf"; sourceTree = "<group>"; };
		86E225D029CB490000265AE6 /* Montserrat-SemiBold.ttf */ = {isa = PBXFileReference; lastKnownFileType = file; path = "Montserrat-SemiBold.ttf"; sourceTree = "<group>"; };
		86E225D129CB490000265AE6 /* Montserrat-ExtraBold.ttf */ = {isa = PBXFileReference; lastKnownFileType = file; path = "Montserrat-ExtraBold.ttf"; sourceTree = "<group>"; };
		86EA7BAD29A7C4AD00522FC9 /* FoodProject.app */ = {isa = PBXFileReference; explicitFileType = wrapper.application; includeInIndex = 0; path = FoodProject.app; sourceTree = BUILT_PRODUCTS_DIR; };
		86EA7BB029A7C4AD00522FC9 /* AppDelegate.swift */ = {isa = PBXFileReference; lastKnownFileType = sourcecode.swift; path = AppDelegate.swift; sourceTree = "<group>"; };
		86EA7BB229A7C4AD00522FC9 /* SceneDelegate.swift */ = {isa = PBXFileReference; lastKnownFileType = sourcecode.swift; path = SceneDelegate.swift; sourceTree = "<group>"; };
		86EA7BBA29A7C4AD00522FC9 /* FoodProject.xcdatamodel */ = {isa = PBXFileReference; lastKnownFileType = wrapper.xcdatamodel; path = FoodProject.xcdatamodel; sourceTree = "<group>"; };
		86EA7BBC29A7C4AE00522FC9 /* Assets.xcassets */ = {isa = PBXFileReference; lastKnownFileType = folder.assetcatalog; path = Assets.xcassets; sourceTree = "<group>"; };
		86EA7BBF29A7C4AE00522FC9 /* Base */ = {isa = PBXFileReference; lastKnownFileType = file.storyboard; name = Base; path = Base.lproj/LaunchScreen.storyboard; sourceTree = "<group>"; };
		86EA7BC129A7C4AE00522FC9 /* Info.plist */ = {isa = PBXFileReference; lastKnownFileType = text.plist.xml; path = Info.plist; sourceTree = "<group>"; };
		86EA7BC629A7C4AE00522FC9 /* FoodProjectTests.xctest */ = {isa = PBXFileReference; explicitFileType = wrapper.cfbundle; includeInIndex = 0; path = FoodProjectTests.xctest; sourceTree = BUILT_PRODUCTS_DIR; };
		86EA7BCA29A7C4AE00522FC9 /* FoodProjectTests.swift */ = {isa = PBXFileReference; lastKnownFileType = sourcecode.swift; path = FoodProjectTests.swift; sourceTree = "<group>"; };
		86EA7BD029A7C4AE00522FC9 /* FoodProjectUITests.xctest */ = {isa = PBXFileReference; explicitFileType = wrapper.cfbundle; includeInIndex = 0; path = FoodProjectUITests.xctest; sourceTree = BUILT_PRODUCTS_DIR; };
		86EA7BD429A7C4AE00522FC9 /* FoodProjectUITests.swift */ = {isa = PBXFileReference; lastKnownFileType = sourcecode.swift; path = FoodProjectUITests.swift; sourceTree = "<group>"; };
		86EA7BD629A7C4AE00522FC9 /* FoodProjectUITestsLaunchTests.swift */ = {isa = PBXFileReference; lastKnownFileType = sourcecode.swift; path = FoodProjectUITestsLaunchTests.swift; sourceTree = "<group>"; };
		86EA7BE629A7C53800522FC9 /* NetworkManager.swift */ = {isa = PBXFileReference; lastKnownFileType = sourcecode.swift; path = NetworkManager.swift; sourceTree = "<group>"; };
		86EA7BE729A7C53800522FC9 /* ModuleBuilder.swift */ = {isa = PBXFileReference; lastKnownFileType = sourcecode.swift; path = ModuleBuilder.swift; sourceTree = "<group>"; };
		86EA7BE829A7C53800522FC9 /* TabBarController.swift */ = {isa = PBXFileReference; lastKnownFileType = sourcecode.swift; path = TabBarController.swift; sourceTree = "<group>"; };
		86EA7BE929A7C53800522FC9 /* NetworkModel.swift */ = {isa = PBXFileReference; lastKnownFileType = sourcecode.swift; path = NetworkModel.swift; sourceTree = "<group>"; };
		86EA7C0029A7C85600522FC9 /* ReadPresenter.swift */ = {isa = PBXFileReference; lastKnownFileType = sourcecode.swift; path = ReadPresenter.swift; sourceTree = "<group>"; };
		86EA7C0129A7C85600522FC9 /* ReadRouter.swift */ = {isa = PBXFileReference; lastKnownFileType = sourcecode.swift; path = ReadRouter.swift; sourceTree = "<group>"; };
		86EA7C0229A7C85600522FC9 /* ReadViewController.swift */ = {isa = PBXFileReference; lastKnownFileType = sourcecode.swift; path = ReadViewController.swift; sourceTree = "<group>"; };
		86EA7C0329A7C85600522FC9 /* ReadViewModel.swift */ = {isa = PBXFileReference; lastKnownFileType = sourcecode.swift; path = ReadViewModel.swift; sourceTree = "<group>"; };
/* End PBXFileReference section */

/* Begin PBXFrameworksBuildPhase section */
		86EA7BAA29A7C4AD00522FC9 /* Frameworks */ = {
			isa = PBXFrameworksBuildPhase;
			buildActionMask = 2147483647;
			files = (
				863EC32829A7E32C004BE1D4 /* Kingfisher in Frameworks */,
				863EC31E29A7CFB7004BE1D4 /* SnapKit in Frameworks */,
			);
			runOnlyForDeploymentPostprocessing = 0;
		};
		86EA7BC329A7C4AE00522FC9 /* Frameworks */ = {
			isa = PBXFrameworksBuildPhase;
			buildActionMask = 2147483647;
			files = (
			);
			runOnlyForDeploymentPostprocessing = 0;
		};
		86EA7BCD29A7C4AE00522FC9 /* Frameworks */ = {
			isa = PBXFrameworksBuildPhase;
			buildActionMask = 2147483647;
			files = (
			);
			runOnlyForDeploymentPostprocessing = 0;
		};
/* End PBXFrameworksBuildPhase section */

/* Begin PBXGroup section */
		863C576D29A8F9E2002C7A4B /* SearchModule */ = {
			isa = PBXGroup;
			children = (
				863C576529A8F9D1002C7A4B /* SearchPresenter.swift */,
				863C576629A8F9D1002C7A4B /* SearchRouter.swift */,
				863C576E29A8F9F2002C7A4B /* ViewController */,
			);
			path = SearchModule;
			sourceTree = "<group>";
		};
		863C576E29A8F9F2002C7A4B /* ViewController */ = {
			isa = PBXGroup;
			children = (
				863C576829A8F9D1002C7A4B /* SearchViewModel.swift */,
				863C576729A8F9D1002C7A4B /* SearchViewController.swift */,
				863C576F29A8FA19002C7A4B /* SearchViewCollectionCell.swift */,
			);
			path = ViewController;
			sourceTree = "<group>";
		};
		863EC31A29A7CF5C004BE1D4 /* ViewController */ = {
			isa = PBXGroup;
			children = (
				863EC31B29A7CF6C004BE1D4 /* Controller */,
			);
			path = ViewController;
			sourceTree = "<group>";
		};
		863EC31B29A7CF6C004BE1D4 /* Controller */ = {
			isa = PBXGroup;
			children = (
				86EA7C0329A7C85600522FC9 /* ReadViewModel.swift */,
				863EC31F29A7D132004BE1D4 /* ReadViewCollectionCell.swift */,
				86EA7C0229A7C85600522FC9 /* ReadViewController.swift */,
			);
			path = Controller;
			sourceTree = "<group>";
		};
		863EC32329A7D17A004BE1D4 /* Extensions */ = {
			isa = PBXGroup;
			children = (
				863EC32129A7D176004BE1D4 /* UILabel+.swift */,
				863EC32429A7D1E7004BE1D4 /* UIColor+.swift */,
				86E225C629CB486600265AE6 /* UIFont+.swift */,
				8649F79A29CF4799003D8BD6 /* UITableView+.swift */,
			);
			path = Extensions;
			sourceTree = "<group>";
		};
		8642DF3B29CE115F00618450 /* Views */ = {
			isa = PBXGroup;
			children = (
				8630043329C391380075015E /* DetailStackView.swift */,
				8679F78229CCAFCB00C262BB /* DetailBuyButtonsView.swift */,
				86496C7229CB753B00DA58F4 /* DetailAuthorView.swift */,
			);
			path = Views;
			sourceTree = "<group>";
		};
		86589BF029ACFB59007D819C /* FoodModule */ = {
			isa = PBXGroup;
			children = (
				86589BE829ACFB54007D819C /* FoodPresenter.swift */,
				86589BE929ACFB54007D819C /* FoodRouter.swift */,
				86589BEA29ACFB54007D819C /* FoodViewController.swift */,
				86589BEB29ACFB54007D819C /* FoodViewModel.swift */,
			);
			path = FoodModule;
			sourceTree = "<group>";
		};
		8677330329AD310D00540FF3 /* Modules */ = {
			isa = PBXGroup;
			children = (
				86589BF029ACFB59007D819C /* FoodModule */,
				868DBAFA29C2285000887403 /* DetailModule */,
				86EA7BF429A7C54700522FC9 /* ReadModule */,
				863C576D29A8F9E2002C7A4B /* SearchModule */,
				86C731CD29CDF32B001DBB1F /* ProfileModule */,
				86C731C429CDF026001DBB1F /* FavouriteModule */,
				86C731D629CDF3A6001DBB1F /* MainModule */,
			);
			path = Modules;
			sourceTree = "<group>";
		};
		868DBAF729C20F3000887403 /* Cells */ = {
			isa = PBXGroup;
			children = (
				868DBAF829C20F4C00887403 /* ReceptCell.swift */,
			);
			path = Cells;
			sourceTree = "<group>";
		};
		868DBAFA29C2285000887403 /* DetailModule */ = {
			isa = PBXGroup;
			children = (
				868DBAFB29C2286400887403 /* DetailPresenter.swift */,
				868DBAFC29C2286400887403 /* DetailRouter.swift */,
				868DBAFD29C2286400887403 /* DetailViewController.swift */,
				8642DF3B29CE115F00618450 /* Views */,
				868DBAFE29C2286400887403 /* DetailViewModel.swift */,
			);
			path = DetailModule;
			sourceTree = "<group>";
		};
		86C731C429CDF026001DBB1F /* FavouriteModule */ = {
			isa = PBXGroup;
			children = (
				86C731BC29CDF014001DBB1F /* FavouritePresenter.swift */,
				86C731BD29CDF014001DBB1F /* FavouriteRouter.swift */,
				86C731BE29CDF014001DBB1F /* FavouriteViewController.swift */,
				86C731BF29CDF014001DBB1F /* FavouriteViewModel.swift */,
			);
			path = FavouriteModule;
			sourceTree = "<group>";
		};
		86C731CD29CDF32B001DBB1F /* ProfileModule */ = {
			isa = PBXGroup;
			children = (
				86C731C529CDF326001DBB1F /* ProfilePresenter.swift */,
				86C731C629CDF326001DBB1F /* ProfileRouter.swift */,
				86C731C729CDF326001DBB1F /* ProfileViewController.swift */,
				8642DF3C29CE1A6000618450 /* ProfileView.swift */,
				86C731C829CDF326001DBB1F /* ProfileViewModel.swift */,
			);
			path = ProfileModule;
			sourceTree = "<group>";
		};
		86C731D629CDF3A6001DBB1F /* MainModule */ = {
			isa = PBXGroup;
			children = (
				86C731CE29CDF3A2001DBB1F /* MainPresenter.swift */,
				86C731CF29CDF3A2001DBB1F /* MainRouter.swift */,
				86C731D029CDF3A2001DBB1F /* MainViewController.swift */,
				86C731D129CDF3A2001DBB1F /* MainViewModel.swift */,
			);
			path = MainModule;
			sourceTree = "<group>";
		};
		86E225C829CB48AF00265AE6 /* Resourses */ = {
			isa = PBXGroup;
			children = (
				86E225D629CB490600265AE6 /* Fonts */,
				86E225CB29CB48E100265AE6 /* Utilts */,
			);
			path = Resourses;
			sourceTree = "<group>";
		};
		86E225CB29CB48E100265AE6 /* Utilts */ = {
			isa = PBXGroup;
			children = (
				86E225C929CB48BD00265AE6 /* XCFonts+Generated.swift */,
			);
			path = Utilts;
			sourceTree = "<group>";
		};
		86E225D629CB490600265AE6 /* Fonts */ = {
			isa = PBXGroup;
			children = (
				86E225D129CB490000265AE6 /* Montserrat-ExtraBold.ttf */,
				86E225CE29CB490000265AE6 /* Montserrat-Medium.ttf */,
				86E225CF29CB490000265AE6 /* Montserrat-Regular.ttf */,
				86E225D029CB490000265AE6 /* Montserrat-SemiBold.ttf */,
				86E225CC29CB48F500265AE6 /* Montserrat-Bold.ttf */,
			);
			path = Fonts;
			sourceTree = "<group>";
		};
		86EA7BA429A7C4AD00522FC9 = {
			isa = PBXGroup;
			children = (
				86EA7BAF29A7C4AD00522FC9 /* FoodProject */,
				86EA7BC929A7C4AE00522FC9 /* FoodProjectTests */,
				86EA7BD329A7C4AE00522FC9 /* FoodProjectUITests */,
				86EA7BAE29A7C4AD00522FC9 /* Products */,
			);
			sourceTree = "<group>";
		};
		86EA7BAE29A7C4AD00522FC9 /* Products */ = {
			isa = PBXGroup;
			children = (
				86EA7BAD29A7C4AD00522FC9 /* FoodProject.app */,
				86EA7BC629A7C4AE00522FC9 /* FoodProjectTests.xctest */,
				86EA7BD029A7C4AE00522FC9 /* FoodProjectUITests.xctest */,
			);
			name = Products;
			sourceTree = "<group>";
		};
		86EA7BAF29A7C4AD00522FC9 /* FoodProject */ = {
			isa = PBXGroup;
			children = (
				86EA7BE429A7C4DF00522FC9 /* Application */,
				86EA7BE329A7C4D900522FC9 /* Helpers */,
				86EA7BF629A7C56900522FC9 /* TabBar */,
				86EA7BF529A7C55D00522FC9 /* Builder */,
				868DBAF729C20F3000887403 /* Cells */,
				8677330329AD310D00540FF3 /* Modules */,
				86EA7BE529A7C4E600522FC9 /* CoreDataManager */,
				86EA7BF729A7C58300522FC9 /* NetworkManager */,
				86E225C829CB48AF00265AE6 /* Resourses */,
				863EC32329A7D17A004BE1D4 /* Extensions */,
			);
			path = FoodProject;
			sourceTree = "<group>";
		};
		86EA7BC929A7C4AE00522FC9 /* FoodProjectTests */ = {
			isa = PBXGroup;
			children = (
				86EA7BCA29A7C4AE00522FC9 /* FoodProjectTests.swift */,
			);
			path = FoodProjectTests;
			sourceTree = "<group>";
		};
		86EA7BD329A7C4AE00522FC9 /* FoodProjectUITests */ = {
			isa = PBXGroup;
			children = (
				86EA7BD429A7C4AE00522FC9 /* FoodProjectUITests.swift */,
				86EA7BD629A7C4AE00522FC9 /* FoodProjectUITestsLaunchTests.swift */,
			);
			path = FoodProjectUITests;
			sourceTree = "<group>";
		};
		86EA7BE329A7C4D900522FC9 /* Helpers */ = {
			isa = PBXGroup;
			children = (
				86EA7BBC29A7C4AE00522FC9 /* Assets.xcassets */,
				86EA7BBE29A7C4AE00522FC9 /* LaunchScreen.storyboard */,
				86EA7BC129A7C4AE00522FC9 /* Info.plist */,
			);
			path = Helpers;
			sourceTree = "<group>";
		};
		86EA7BE429A7C4DF00522FC9 /* Application */ = {
			isa = PBXGroup;
			children = (
				86EA7BB029A7C4AD00522FC9 /* AppDelegate.swift */,
				86EA7BB229A7C4AD00522FC9 /* SceneDelegate.swift */,
			);
			path = Application;
			sourceTree = "<group>";
		};
		86EA7BE529A7C4E600522FC9 /* CoreDataManager */ = {
			isa = PBXGroup;
			children = (
				86EA7BB929A7C4AD00522FC9 /* FoodProject.xcdatamodeld */,
			);
			path = CoreDataManager;
			sourceTree = "<group>";
		};
		86EA7BF429A7C54700522FC9 /* ReadModule */ = {
			isa = PBXGroup;
			children = (
				86EA7C0029A7C85600522FC9 /* ReadPresenter.swift */,
				86EA7C0129A7C85600522FC9 /* ReadRouter.swift */,
				863EC31A29A7CF5C004BE1D4 /* ViewController */,
			);
			path = ReadModule;
			sourceTree = "<group>";
		};
		86EA7BF529A7C55D00522FC9 /* Builder */ = {
			isa = PBXGroup;
			children = (
				86EA7BE729A7C53800522FC9 /* ModuleBuilder.swift */,
			);
			path = Builder;
			sourceTree = "<group>";
		};
		86EA7BF629A7C56900522FC9 /* TabBar */ = {
			isa = PBXGroup;
			children = (
				86EA7BE829A7C53800522FC9 /* TabBarController.swift */,
			);
			path = TabBar;
			sourceTree = "<group>";
		};
		86EA7BF729A7C58300522FC9 /* NetworkManager */ = {
			isa = PBXGroup;
			children = (
				86EA7BE629A7C53800522FC9 /* NetworkManager.swift */,
				86EA7BE929A7C53800522FC9 /* NetworkModel.swift */,
			);
			path = NetworkManager;
			sourceTree = "<group>";
		};
/* End PBXGroup section */

/* Begin PBXNativeTarget section */
		86EA7BAC29A7C4AD00522FC9 /* FoodProject */ = {
			isa = PBXNativeTarget;
			buildConfigurationList = 86EA7BDA29A7C4AE00522FC9 /* Build configuration list for PBXNativeTarget "FoodProject" */;
			buildPhases = (
				86EA7BA929A7C4AD00522FC9 /* Sources */,
				86EA7BAA29A7C4AD00522FC9 /* Frameworks */,
				86EA7BAB29A7C4AD00522FC9 /* Resources */,
			);
			buildRules = (
			);
			dependencies = (
			);
			name = FoodProject;
			packageProductDependencies = (
				863EC31D29A7CFB7004BE1D4 /* SnapKit */,
				863EC32729A7E32C004BE1D4 /* Kingfisher */,
			);
			productName = FoodProject;
			productReference = 86EA7BAD29A7C4AD00522FC9 /* FoodProject.app */;
			productType = "com.apple.product-type.application";
		};
		86EA7BC529A7C4AE00522FC9 /* FoodProjectTests */ = {
			isa = PBXNativeTarget;
			buildConfigurationList = 86EA7BDD29A7C4AE00522FC9 /* Build configuration list for PBXNativeTarget "FoodProjectTests" */;
			buildPhases = (
				86EA7BC229A7C4AE00522FC9 /* Sources */,
				86EA7BC329A7C4AE00522FC9 /* Frameworks */,
				86EA7BC429A7C4AE00522FC9 /* Resources */,
			);
			buildRules = (
			);
			dependencies = (
				86EA7BC829A7C4AE00522FC9 /* PBXTargetDependency */,
			);
			name = FoodProjectTests;
			productName = FoodProjectTests;
			productReference = 86EA7BC629A7C4AE00522FC9 /* FoodProjectTests.xctest */;
			productType = "com.apple.product-type.bundle.unit-test";
		};
		86EA7BCF29A7C4AE00522FC9 /* FoodProjectUITests */ = {
			isa = PBXNativeTarget;
			buildConfigurationList = 86EA7BE029A7C4AE00522FC9 /* Build configuration list for PBXNativeTarget "FoodProjectUITests" */;
			buildPhases = (
				86EA7BCC29A7C4AE00522FC9 /* Sources */,
				86EA7BCD29A7C4AE00522FC9 /* Frameworks */,
				86EA7BCE29A7C4AE00522FC9 /* Resources */,
			);
			buildRules = (
			);
			dependencies = (
				86EA7BD229A7C4AE00522FC9 /* PBXTargetDependency */,
			);
			name = FoodProjectUITests;
			productName = FoodProjectUITests;
			productReference = 86EA7BD029A7C4AE00522FC9 /* FoodProjectUITests.xctest */;
			productType = "com.apple.product-type.bundle.ui-testing";
		};
/* End PBXNativeTarget section */

/* Begin PBXProject section */
		86EA7BA529A7C4AD00522FC9 /* Project object */ = {
			isa = PBXProject;
			attributes = {
				BuildIndependentTargetsInParallel = 1;
				LastSwiftUpdateCheck = 1410;
				LastUpgradeCheck = 1410;
				TargetAttributes = {
					86EA7BAC29A7C4AD00522FC9 = {
						CreatedOnToolsVersion = 14.1;
					};
					86EA7BC529A7C4AE00522FC9 = {
						CreatedOnToolsVersion = 14.1;
						TestTargetID = 86EA7BAC29A7C4AD00522FC9;
					};
					86EA7BCF29A7C4AE00522FC9 = {
						CreatedOnToolsVersion = 14.1;
						TestTargetID = 86EA7BAC29A7C4AD00522FC9;
					};
				};
			};
			buildConfigurationList = 86EA7BA829A7C4AD00522FC9 /* Build configuration list for PBXProject "FoodProject" */;
			compatibilityVersion = "Xcode 14.0";
			developmentRegion = en;
			hasScannedForEncodings = 0;
			knownRegions = (
				en,
				Base,
			);
			mainGroup = 86EA7BA429A7C4AD00522FC9;
			packageReferences = (
				863EC31C29A7CFB7004BE1D4 /* XCRemoteSwiftPackageReference "SnapKit" */,
				863EC32629A7E32C004BE1D4 /* XCRemoteSwiftPackageReference "Kingfisher" */,
			);
			productRefGroup = 86EA7BAE29A7C4AD00522FC9 /* Products */;
			projectDirPath = "";
			projectRoot = "";
			targets = (
				86EA7BAC29A7C4AD00522FC9 /* FoodProject */,
				86EA7BC529A7C4AE00522FC9 /* FoodProjectTests */,
				86EA7BCF29A7C4AE00522FC9 /* FoodProjectUITests */,
			);
		};
/* End PBXProject section */

/* Begin PBXResourcesBuildPhase section */
		86EA7BAB29A7C4AD00522FC9 /* Resources */ = {
			isa = PBXResourcesBuildPhase;
			buildActionMask = 2147483647;
			files = (
				86E225D429CB490100265AE6 /* Montserrat-SemiBold.ttf in Resources */,
				86EA7BC029A7C4AE00522FC9 /* LaunchScreen.storyboard in Resources */,
				86EA7BBD29A7C4AE00522FC9 /* Assets.xcassets in Resources */,
				86E225D229CB490100265AE6 /* Montserrat-Medium.ttf in Resources */,
				86E225D329CB490100265AE6 /* Montserrat-Regular.ttf in Resources */,
				86E225D529CB490100265AE6 /* Montserrat-ExtraBold.ttf in Resources */,
				86E225CD29CB48F500265AE6 /* Montserrat-Bold.ttf in Resources */,
			);
			runOnlyForDeploymentPostprocessing = 0;
		};
		86EA7BC429A7C4AE00522FC9 /* Resources */ = {
			isa = PBXResourcesBuildPhase;
			buildActionMask = 2147483647;
			files = (
			);
			runOnlyForDeploymentPostprocessing = 0;
		};
		86EA7BCE29A7C4AE00522FC9 /* Resources */ = {
			isa = PBXResourcesBuildPhase;
			buildActionMask = 2147483647;
			files = (
			);
			runOnlyForDeploymentPostprocessing = 0;
		};
/* End PBXResourcesBuildPhase section */

/* Begin PBXSourcesBuildPhase section */
		86EA7BA929A7C4AD00522FC9 /* Sources */ = {
			isa = PBXSourcesBuildPhase;
			buildActionMask = 2147483647;
			files = (
				86C731D529CDF3A2001DBB1F /* MainViewModel.swift in Sources */,
				86EA7C0529A7C85600522FC9 /* ReadRouter.swift in Sources */,
				8649F79B29CF4799003D8BD6 /* UITableView+.swift in Sources */,
				86EA7BEA29A7C53800522FC9 /* NetworkManager.swift in Sources */,
				863C576929A8F9D1002C7A4B /* SearchPresenter.swift in Sources */,
				86589BED29ACFB54007D819C /* FoodRouter.swift in Sources */,
				86589BEE29ACFB54007D819C /* FoodViewController.swift in Sources */,
				86C731CB29CDF326001DBB1F /* ProfileViewController.swift in Sources */,
				863C576B29A8F9D1002C7A4B /* SearchViewController.swift in Sources */,
				863EC32029A7D132004BE1D4 /* ReadViewCollectionCell.swift in Sources */,
				86C731CA29CDF326001DBB1F /* ProfileRouter.swift in Sources */,
				8679F78329CCAFCB00C262BB /* DetailBuyButtonsView.swift in Sources */,
				863C576A29A8F9D1002C7A4B /* SearchRouter.swift in Sources */,
				863C576C29A8F9D1002C7A4B /* SearchViewModel.swift in Sources */,
				86496C7329CB753B00DA58F4 /* DetailAuthorView.swift in Sources */,
				863EC32229A7D176004BE1D4 /* UILabel+.swift in Sources */,
				86EA7BB129A7C4AD00522FC9 /* AppDelegate.swift in Sources */,
				86EA7C0429A7C85600522FC9 /* ReadPresenter.swift in Sources */,
				868DBAF929C20F4C00887403 /* ReceptCell.swift in Sources */,
				868DBB0229C2286400887403 /* DetailViewModel.swift in Sources */,
				8630043429C391380075015E /* DetailStackView.swift in Sources */,
				868DBB0029C2286400887403 /* DetailRouter.swift in Sources */,
				86C731D329CDF3A2001DBB1F /* MainRouter.swift in Sources */,
				86E225C729CB486600265AE6 /* UIFont+.swift in Sources */,
				86EA7C0629A7C85600522FC9 /* ReadViewController.swift in Sources */,
				86C731C029CDF014001DBB1F /* FavouritePresenter.swift in Sources */,
				86E225CA29CB48BD00265AE6 /* XCFonts+Generated.swift in Sources */,
				86EA7C0729A7C85600522FC9 /* ReadViewModel.swift in Sources */,
				868DBB0129C2286400887403 /* DetailViewController.swift in Sources */,
				868DBAFF29C2286400887403 /* DetailPresenter.swift in Sources */,
				8642DF3D29CE1A6000618450 /* ProfileView.swift in Sources */,
				86C731C229CDF014001DBB1F /* FavouriteViewController.swift in Sources */,
				86589BEC29ACFB54007D819C /* FoodPresenter.swift in Sources */,
				86589BEF29ACFB54007D819C /* FoodViewModel.swift in Sources */,
				86EA7BB329A7C4AD00522FC9 /* SceneDelegate.swift in Sources */,
				86EA7BEC29A7C53800522FC9 /* TabBarController.swift in Sources */,
				86EA7BEB29A7C53800522FC9 /* ModuleBuilder.swift in Sources */,
				86C731C129CDF014001DBB1F /* FavouriteRouter.swift in Sources */,
				863C577029A8FA19002C7A4B /* SearchViewCollectionCell.swift in Sources */,
				86C731D429CDF3A2001DBB1F /* MainViewController.swift in Sources */,
				86C731C329CDF014001DBB1F /* FavouriteViewModel.swift in Sources */,
				86C731CC29CDF326001DBB1F /* ProfileViewModel.swift in Sources */,
				86EA7BED29A7C53800522FC9 /* NetworkModel.swift in Sources */,
				86C731D229CDF3A2001DBB1F /* MainPresenter.swift in Sources */,
				86C731C929CDF326001DBB1F /* ProfilePresenter.swift in Sources */,
				86EA7BBB29A7C4AD00522FC9 /* FoodProject.xcdatamodeld in Sources */,
				863EC32529A7D1E7004BE1D4 /* UIColor+.swift in Sources */,
			);
			runOnlyForDeploymentPostprocessing = 0;
		};
		86EA7BC229A7C4AE00522FC9 /* Sources */ = {
			isa = PBXSourcesBuildPhase;
			buildActionMask = 2147483647;
			files = (
				86EA7BCB29A7C4AE00522FC9 /* FoodProjectTests.swift in Sources */,
			);
			runOnlyForDeploymentPostprocessing = 0;
		};
		86EA7BCC29A7C4AE00522FC9 /* Sources */ = {
			isa = PBXSourcesBuildPhase;
			buildActionMask = 2147483647;
			files = (
				86EA7BD729A7C4AE00522FC9 /* FoodProjectUITestsLaunchTests.swift in Sources */,
				86EA7BD529A7C4AE00522FC9 /* FoodProjectUITests.swift in Sources */,
			);
			runOnlyForDeploymentPostprocessing = 0;
		};
/* End PBXSourcesBuildPhase section */

/* Begin PBXTargetDependency section */
		86EA7BC829A7C4AE00522FC9 /* PBXTargetDependency */ = {
			isa = PBXTargetDependency;
			target = 86EA7BAC29A7C4AD00522FC9 /* FoodProject */;
			targetProxy = 86EA7BC729A7C4AE00522FC9 /* PBXContainerItemProxy */;
		};
		86EA7BD229A7C4AE00522FC9 /* PBXTargetDependency */ = {
			isa = PBXTargetDependency;
			target = 86EA7BAC29A7C4AD00522FC9 /* FoodProject */;
			targetProxy = 86EA7BD129A7C4AE00522FC9 /* PBXContainerItemProxy */;
		};
/* End PBXTargetDependency section */

/* Begin PBXVariantGroup section */
		86EA7BBE29A7C4AE00522FC9 /* LaunchScreen.storyboard */ = {
			isa = PBXVariantGroup;
			children = (
				86EA7BBF29A7C4AE00522FC9 /* Base */,
			);
			name = LaunchScreen.storyboard;
			sourceTree = "<group>";
		};
/* End PBXVariantGroup section */

/* Begin XCBuildConfiguration section */
		86EA7BD829A7C4AE00522FC9 /* Debug */ = {
			isa = XCBuildConfiguration;
			buildSettings = {
				ALWAYS_SEARCH_USER_PATHS = NO;
				CLANG_ANALYZER_NONNULL = YES;
				CLANG_ANALYZER_NUMBER_OBJECT_CONVERSION = YES_AGGRESSIVE;
				CLANG_CXX_LANGUAGE_STANDARD = "gnu++20";
				CLANG_ENABLE_MODULES = YES;
				CLANG_ENABLE_OBJC_ARC = YES;
				CLANG_ENABLE_OBJC_WEAK = YES;
				CLANG_WARN_BLOCK_CAPTURE_AUTORELEASING = YES;
				CLANG_WARN_BOOL_CONVERSION = YES;
				CLANG_WARN_COMMA = YES;
				CLANG_WARN_CONSTANT_CONVERSION = YES;
				CLANG_WARN_DEPRECATED_OBJC_IMPLEMENTATIONS = YES;
				CLANG_WARN_DIRECT_OBJC_ISA_USAGE = YES_ERROR;
				CLANG_WARN_DOCUMENTATION_COMMENTS = YES;
				CLANG_WARN_EMPTY_BODY = YES;
				CLANG_WARN_ENUM_CONVERSION = YES;
				CLANG_WARN_INFINITE_RECURSION = YES;
				CLANG_WARN_INT_CONVERSION = YES;
				CLANG_WARN_NON_LITERAL_NULL_CONVERSION = YES;
				CLANG_WARN_OBJC_IMPLICIT_RETAIN_SELF = YES;
				CLANG_WARN_OBJC_LITERAL_CONVERSION = YES;
				CLANG_WARN_OBJC_ROOT_CLASS = YES_ERROR;
				CLANG_WARN_QUOTED_INCLUDE_IN_FRAMEWORK_HEADER = YES;
				CLANG_WARN_RANGE_LOOP_ANALYSIS = YES;
				CLANG_WARN_STRICT_PROTOTYPES = YES;
				CLANG_WARN_SUSPICIOUS_MOVE = YES;
				CLANG_WARN_UNGUARDED_AVAILABILITY = YES_AGGRESSIVE;
				CLANG_WARN_UNREACHABLE_CODE = YES;
				CLANG_WARN__DUPLICATE_METHOD_MATCH = YES;
				COPY_PHASE_STRIP = NO;
				DEBUG_INFORMATION_FORMAT = dwarf;
				ENABLE_STRICT_OBJC_MSGSEND = YES;
				ENABLE_TESTABILITY = YES;
				GCC_C_LANGUAGE_STANDARD = gnu11;
				GCC_DYNAMIC_NO_PIC = NO;
				GCC_NO_COMMON_BLOCKS = YES;
				GCC_OPTIMIZATION_LEVEL = 0;
				GCC_PREPROCESSOR_DEFINITIONS = (
					"DEBUG=1",
					"$(inherited)",
				);
				GCC_WARN_64_TO_32_BIT_CONVERSION = YES;
				GCC_WARN_ABOUT_RETURN_TYPE = YES_ERROR;
				GCC_WARN_UNDECLARED_SELECTOR = YES;
				GCC_WARN_UNINITIALIZED_AUTOS = YES_AGGRESSIVE;
				GCC_WARN_UNUSED_FUNCTION = YES;
				GCC_WARN_UNUSED_VARIABLE = YES;
				IPHONEOS_DEPLOYMENT_TARGET = 16.1;
				MTL_ENABLE_DEBUG_INFO = INCLUDE_SOURCE;
				MTL_FAST_MATH = YES;
				ONLY_ACTIVE_ARCH = YES;
				SDKROOT = iphoneos;
				SWIFT_ACTIVE_COMPILATION_CONDITIONS = DEBUG;
				SWIFT_OPTIMIZATION_LEVEL = "-Onone";
			};
			name = Debug;
		};
		86EA7BD929A7C4AE00522FC9 /* Release */ = {
			isa = XCBuildConfiguration;
			buildSettings = {
				ALWAYS_SEARCH_USER_PATHS = NO;
				CLANG_ANALYZER_NONNULL = YES;
				CLANG_ANALYZER_NUMBER_OBJECT_CONVERSION = YES_AGGRESSIVE;
				CLANG_CXX_LANGUAGE_STANDARD = "gnu++20";
				CLANG_ENABLE_MODULES = YES;
				CLANG_ENABLE_OBJC_ARC = YES;
				CLANG_ENABLE_OBJC_WEAK = YES;
				CLANG_WARN_BLOCK_CAPTURE_AUTORELEASING = YES;
				CLANG_WARN_BOOL_CONVERSION = YES;
				CLANG_WARN_COMMA = YES;
				CLANG_WARN_CONSTANT_CONVERSION = YES;
				CLANG_WARN_DEPRECATED_OBJC_IMPLEMENTATIONS = YES;
				CLANG_WARN_DIRECT_OBJC_ISA_USAGE = YES_ERROR;
				CLANG_WARN_DOCUMENTATION_COMMENTS = YES;
				CLANG_WARN_EMPTY_BODY = YES;
				CLANG_WARN_ENUM_CONVERSION = YES;
				CLANG_WARN_INFINITE_RECURSION = YES;
				CLANG_WARN_INT_CONVERSION = YES;
				CLANG_WARN_NON_LITERAL_NULL_CONVERSION = YES;
				CLANG_WARN_OBJC_IMPLICIT_RETAIN_SELF = YES;
				CLANG_WARN_OBJC_LITERAL_CONVERSION = YES;
				CLANG_WARN_OBJC_ROOT_CLASS = YES_ERROR;
				CLANG_WARN_QUOTED_INCLUDE_IN_FRAMEWORK_HEADER = YES;
				CLANG_WARN_RANGE_LOOP_ANALYSIS = YES;
				CLANG_WARN_STRICT_PROTOTYPES = YES;
				CLANG_WARN_SUSPICIOUS_MOVE = YES;
				CLANG_WARN_UNGUARDED_AVAILABILITY = YES_AGGRESSIVE;
				CLANG_WARN_UNREACHABLE_CODE = YES;
				CLANG_WARN__DUPLICATE_METHOD_MATCH = YES;
				COPY_PHASE_STRIP = NO;
				DEBUG_INFORMATION_FORMAT = "dwarf-with-dsym";
				ENABLE_NS_ASSERTIONS = NO;
				ENABLE_STRICT_OBJC_MSGSEND = YES;
				GCC_C_LANGUAGE_STANDARD = gnu11;
				GCC_NO_COMMON_BLOCKS = YES;
				GCC_WARN_64_TO_32_BIT_CONVERSION = YES;
				GCC_WARN_ABOUT_RETURN_TYPE = YES_ERROR;
				GCC_WARN_UNDECLARED_SELECTOR = YES;
				GCC_WARN_UNINITIALIZED_AUTOS = YES_AGGRESSIVE;
				GCC_WARN_UNUSED_FUNCTION = YES;
				GCC_WARN_UNUSED_VARIABLE = YES;
				IPHONEOS_DEPLOYMENT_TARGET = 16.1;
				MTL_ENABLE_DEBUG_INFO = NO;
				MTL_FAST_MATH = YES;
				SDKROOT = iphoneos;
				SWIFT_COMPILATION_MODE = wholemodule;
				SWIFT_OPTIMIZATION_LEVEL = "-O";
				VALIDATE_PRODUCT = YES;
			};
			name = Release;
		};
		86EA7BDB29A7C4AE00522FC9 /* Debug */ = {
			isa = XCBuildConfiguration;
			buildSettings = {
				ASSETCATALOG_COMPILER_APPICON_NAME = AppIcon;
				ASSETCATALOG_COMPILER_GLOBAL_ACCENT_COLOR_NAME = AccentColor;
				CODE_SIGN_STYLE = Automatic;
				CURRENT_PROJECT_VERSION = 1;
				DEVELOPMENT_TEAM = 59WWFG63NN;
				GENERATE_INFOPLIST_FILE = YES;
				INFOPLIST_FILE = FoodProject/Helpers/Info.plist;
				INFOPLIST_KEY_UIApplicationSupportsIndirectInputEvents = YES;
				INFOPLIST_KEY_UILaunchStoryboardName = LaunchScreen;
				INFOPLIST_KEY_UISupportedInterfaceOrientations_iPad = "UIInterfaceOrientationPortrait UIInterfaceOrientationPortraitUpsideDown UIInterfaceOrientationLandscapeLeft UIInterfaceOrientationLandscapeRight";
				INFOPLIST_KEY_UISupportedInterfaceOrientations_iPhone = "UIInterfaceOrientationPortrait UIInterfaceOrientationLandscapeLeft UIInterfaceOrientationLandscapeRight";
				IPHONEOS_DEPLOYMENT_TARGET = 15.0;
				LD_RUNPATH_SEARCH_PATHS = (
					"$(inherited)",
					"@executable_path/Frameworks",
				);
				MARKETING_VERSION = 1.0;
				PRODUCT_BUNDLE_IDENTIFIER = ART.FoodProject2;
				PRODUCT_NAME = "$(TARGET_NAME)";
				SWIFT_EMIT_LOC_STRINGS = YES;
				SWIFT_VERSION = 5.0;
				TARGETED_DEVICE_FAMILY = "1,2";
			};
			name = Debug;
		};
		86EA7BDC29A7C4AE00522FC9 /* Release */ = {
			isa = XCBuildConfiguration;
			buildSettings = {
				ASSETCATALOG_COMPILER_APPICON_NAME = AppIcon;
				ASSETCATALOG_COMPILER_GLOBAL_ACCENT_COLOR_NAME = AccentColor;
				CODE_SIGN_STYLE = Automatic;
				CURRENT_PROJECT_VERSION = 1;
				DEVELOPMENT_TEAM = 59WWFG63NN;
				GENERATE_INFOPLIST_FILE = YES;
				INFOPLIST_FILE = FoodProject/Helpers/Info.plist;
				INFOPLIST_KEY_UIApplicationSupportsIndirectInputEvents = YES;
				INFOPLIST_KEY_UILaunchStoryboardName = LaunchScreen;
				INFOPLIST_KEY_UISupportedInterfaceOrientations_iPad = "UIInterfaceOrientationPortrait UIInterfaceOrientationPortraitUpsideDown UIInterfaceOrientationLandscapeLeft UIInterfaceOrientationLandscapeRight";
				INFOPLIST_KEY_UISupportedInterfaceOrientations_iPhone = "UIInterfaceOrientationPortrait UIInterfaceOrientationLandscapeLeft UIInterfaceOrientationLandscapeRight";
				IPHONEOS_DEPLOYMENT_TARGET = 15.0;
				LD_RUNPATH_SEARCH_PATHS = (
					"$(inherited)",
					"@executable_path/Frameworks",
				);
				MARKETING_VERSION = 1.0;
				PRODUCT_BUNDLE_IDENTIFIER = ART.FoodProject2;
				PRODUCT_NAME = "$(TARGET_NAME)";
				SWIFT_EMIT_LOC_STRINGS = YES;
				SWIFT_VERSION = 5.0;
				TARGETED_DEVICE_FAMILY = "1,2";
			};
			name = Release;
		};
		86EA7BDE29A7C4AE00522FC9 /* Debug */ = {
			isa = XCBuildConfiguration;
			buildSettings = {
				ALWAYS_EMBED_SWIFT_STANDARD_LIBRARIES = YES;
				BUNDLE_LOADER = "$(TEST_HOST)";
				CODE_SIGN_STYLE = Automatic;
				CURRENT_PROJECT_VERSION = 1;
				DEVELOPMENT_TEAM = 59WWFG63NN;
				GENERATE_INFOPLIST_FILE = YES;
				IPHONEOS_DEPLOYMENT_TARGET = 16.1;
				MARKETING_VERSION = 1.0;
				PRODUCT_BUNDLE_IDENTIFIER = ART.FoodProjectTests;
				PRODUCT_NAME = "$(TARGET_NAME)";
				SWIFT_EMIT_LOC_STRINGS = NO;
				SWIFT_VERSION = 5.0;
				TARGETED_DEVICE_FAMILY = "1,2";
				TEST_HOST = "$(BUILT_PRODUCTS_DIR)/FoodProject.app/$(BUNDLE_EXECUTABLE_FOLDER_PATH)/FoodProject";
			};
			name = Debug;
		};
		86EA7BDF29A7C4AE00522FC9 /* Release */ = {
			isa = XCBuildConfiguration;
			buildSettings = {
				ALWAYS_EMBED_SWIFT_STANDARD_LIBRARIES = YES;
				BUNDLE_LOADER = "$(TEST_HOST)";
				CODE_SIGN_STYLE = Automatic;
				CURRENT_PROJECT_VERSION = 1;
				DEVELOPMENT_TEAM = 59WWFG63NN;
				GENERATE_INFOPLIST_FILE = YES;
				IPHONEOS_DEPLOYMENT_TARGET = 16.1;
				MARKETING_VERSION = 1.0;
				PRODUCT_BUNDLE_IDENTIFIER = ART.FoodProjectTests;
				PRODUCT_NAME = "$(TARGET_NAME)";
				SWIFT_EMIT_LOC_STRINGS = NO;
				SWIFT_VERSION = 5.0;
				TARGETED_DEVICE_FAMILY = "1,2";
				TEST_HOST = "$(BUILT_PRODUCTS_DIR)/FoodProject.app/$(BUNDLE_EXECUTABLE_FOLDER_PATH)/FoodProject";
			};
			name = Release;
		};
		86EA7BE129A7C4AE00522FC9 /* Debug */ = {
			isa = XCBuildConfiguration;
			buildSettings = {
				ALWAYS_EMBED_SWIFT_STANDARD_LIBRARIES = YES;
				CODE_SIGN_STYLE = Automatic;
				CURRENT_PROJECT_VERSION = 1;
				DEVELOPMENT_TEAM = 59WWFG63NN;
				GENERATE_INFOPLIST_FILE = YES;
				MARKETING_VERSION = 1.0;
				PRODUCT_BUNDLE_IDENTIFIER = ART.FoodProjectUITests;
				PRODUCT_NAME = "$(TARGET_NAME)";
				SWIFT_EMIT_LOC_STRINGS = NO;
				SWIFT_VERSION = 5.0;
				TARGETED_DEVICE_FAMILY = "1,2";
				TEST_TARGET_NAME = FoodProject;
			};
			name = Debug;
		};
		86EA7BE229A7C4AE00522FC9 /* Release */ = {
			isa = XCBuildConfiguration;
			buildSettings = {
				ALWAYS_EMBED_SWIFT_STANDARD_LIBRARIES = YES;
				CODE_SIGN_STYLE = Automatic;
				CURRENT_PROJECT_VERSION = 1;
				DEVELOPMENT_TEAM = 59WWFG63NN;
				GENERATE_INFOPLIST_FILE = YES;
				MARKETING_VERSION = 1.0;
				PRODUCT_BUNDLE_IDENTIFIER = ART.FoodProjectUITests;
				PRODUCT_NAME = "$(TARGET_NAME)";
				SWIFT_EMIT_LOC_STRINGS = NO;
				SWIFT_VERSION = 5.0;
				TARGETED_DEVICE_FAMILY = "1,2";
				TEST_TARGET_NAME = FoodProject;
			};
			name = Release;
		};
/* End XCBuildConfiguration section */

/* Begin XCConfigurationList section */
		86EA7BA829A7C4AD00522FC9 /* Build configuration list for PBXProject "FoodProject" */ = {
			isa = XCConfigurationList;
			buildConfigurations = (
				86EA7BD829A7C4AE00522FC9 /* Debug */,
				86EA7BD929A7C4AE00522FC9 /* Release */,
			);
			defaultConfigurationIsVisible = 0;
			defaultConfigurationName = Release;
		};
		86EA7BDA29A7C4AE00522FC9 /* Build configuration list for PBXNativeTarget "FoodProject" */ = {
			isa = XCConfigurationList;
			buildConfigurations = (
				86EA7BDB29A7C4AE00522FC9 /* Debug */,
				86EA7BDC29A7C4AE00522FC9 /* Release */,
			);
			defaultConfigurationIsVisible = 0;
			defaultConfigurationName = Release;
		};
		86EA7BDD29A7C4AE00522FC9 /* Build configuration list for PBXNativeTarget "FoodProjectTests" */ = {
			isa = XCConfigurationList;
			buildConfigurations = (
				86EA7BDE29A7C4AE00522FC9 /* Debug */,
				86EA7BDF29A7C4AE00522FC9 /* Release */,
			);
			defaultConfigurationIsVisible = 0;
			defaultConfigurationName = Release;
		};
		86EA7BE029A7C4AE00522FC9 /* Build configuration list for PBXNativeTarget "FoodProjectUITests" */ = {
			isa = XCConfigurationList;
			buildConfigurations = (
				86EA7BE129A7C4AE00522FC9 /* Debug */,
				86EA7BE229A7C4AE00522FC9 /* Release */,
			);
			defaultConfigurationIsVisible = 0;
			defaultConfigurationName = Release;
		};
/* End XCConfigurationList section */

/* Begin XCRemoteSwiftPackageReference section */
		863EC31C29A7CFB7004BE1D4 /* XCRemoteSwiftPackageReference "SnapKit" */ = {
			isa = XCRemoteSwiftPackageReference;
			repositoryURL = "https://github.com/SnapKit/SnapKit";
			requirement = {
				branch = develop;
				kind = branch;
			};
		};
		863EC32629A7E32C004BE1D4 /* XCRemoteSwiftPackageReference "Kingfisher" */ = {
			isa = XCRemoteSwiftPackageReference;
			repositoryURL = "https://github.com/onevcat/Kingfisher.git";
			requirement = {
				branch = master;
				kind = branch;
			};
		};
/* End XCRemoteSwiftPackageReference section */

/* Begin XCSwiftPackageProductDependency section */
		863EC31D29A7CFB7004BE1D4 /* SnapKit */ = {
			isa = XCSwiftPackageProductDependency;
			package = 863EC31C29A7CFB7004BE1D4 /* XCRemoteSwiftPackageReference "SnapKit" */;
			productName = SnapKit;
		};
		863EC32729A7E32C004BE1D4 /* Kingfisher */ = {
			isa = XCSwiftPackageProductDependency;
			package = 863EC32629A7E32C004BE1D4 /* XCRemoteSwiftPackageReference "Kingfisher" */;
			productName = Kingfisher;
		};
/* End XCSwiftPackageProductDependency section */

/* Begin XCVersionGroup section */
		86EA7BB929A7C4AD00522FC9 /* FoodProject.xcdatamodeld */ = {
			isa = XCVersionGroup;
			children = (
				86EA7BBA29A7C4AD00522FC9 /* FoodProject.xcdatamodel */,
			);
			currentVersion = 86EA7BBA29A7C4AD00522FC9 /* FoodProject.xcdatamodel */;
			path = FoodProject.xcdatamodeld;
			sourceTree = "<group>";
			versionGroupType = wrapper.xcdatamodel;
		};
/* End XCVersionGroup section */
	};
	rootObject = 86EA7BA529A7C4AD00522FC9 /* Project object */;
}
